{
  "pins" : [
    {
      "identity" : "posthog-ios",
      "kind" : "remoteSourceControl",
      "location" : "https://github.com/PostHog/posthog-ios",
      "state" : {
        "revision" : "218fb6fe016a27baa3651613d53dae5c6e36af15",
        "version" : "3.57.3"
      }
    }
  ],
  "version" : 2
}
